{
  "requires": true,
  "lockfileVersion": 1,
  "dependencies": {
    "@fortawesome/fontawesome-free": {
      "version": "5.3.0",
      "resolved": "https://registry.npmjs.org/@fortawesome/fontawesome-free/-/fontawesome-free-5.3.0.tgz",
      "integrity": "sha512-FUjux8T5sk1q6JPsYxgUQM8Ktt1lONuZw2pZJ3/xf3KtQdVNeXMOp+McOEb7LQTeeZpJUNu5Tf1uayIEiENgBg=="
    }
  }
}
