# THIS IS AN AUTOGENERATED FILE. DO NOT EDIT THIS FILE DIRECTLY.
# yarn lockfile v1


react-icons@^3.4.0:
  version "3.4.0"
  resolved "https://registry.yarnpkg.com/react-icons/-/react-icons-3.4.0.tgz#3be5139a81bad5fa8ffbc0a87137275dc7a75737"
  integrity sha512-5cyYrl34KGovU/MH3YO+wN1k787vv3EKLeGDyaGOY92jSTQ/xRjkQ7iim5Ml9rgMLU1i0vszev80kWV4uRZ3Bw==
