{
  "name": "social-card",
  "version": "0.1.0",
  "lockfileVersion": 1,
  "requires": true,
  "dependencies": {
    "@fortawesome/fontawesome-common-types": {
      "version": "0.2.2",
      "resolved": "https://registry.npmjs.org/@fortawesome/fontawesome-common-types/-/fontawesome-common-types-0.2.2.tgz",
      "integrity": "sha512-OBzXzYJ+nDMece2nKeuV7hLuwqPN3jv1Fk56gag2DL4BiwWl8gkFQplj5Krep9HwtjFxbM6/DWN6ZG7FRC5N0w=="
    },
    "@fortawesome/fontawesome-svg-core": {
      "version": "1.2.0-14",
      "resolved": "https://registry.npmjs.org/@fortawesome/fontawesome-svg-core/-/fontawesome-svg-core-1.2.0-14.tgz",
      "integrity": "sha512-V13Ou3UZ+Y0J5WTnhHDUmZFsz8ycxAyGaowrrPu7uuZXVT78/l4OCrOP6y5U6PdZoy3VJbZvkxCXZyTA6C32fA==",
      "requires": {
        "@fortawesome/fontawesome-common-types": "0.2.2"
      }
    },
    "@fortawesome/free-regular-svg-icons": {
      "version": "5.1.0-11",
      "resolved": "https://registry.npmjs.org/@fortawesome/free-regular-svg-icons/-/free-regular-svg-icons-5.1.0-11.tgz",
      "integrity": "sha512-Oj9on7JlLF/TgJjuYl76EHLCCL5MydcPCAD4U0GZe0GeqAyDijiT11tDJb7d4XFjg9/EOl/PlFG49KTqRY+jdQ==",
      "requires": {
        "@fortawesome/fontawesome-common-types": "0.2.2"
      }
    },
    "@fortawesome/free-solid-svg-icons": {
      "version": "5.1.0-11",
      "resolved": "https://registry.npmjs.org/@fortawesome/free-solid-svg-icons/-/free-solid-svg-icons-5.1.0-11.tgz",
      "integrity": "sha512-Dc5EaDbQryTRSt96NzxEnENX+bcKXun3mpvdPt8rSkx3Kf8Kyda60qaA3Or6AKfNYcxLup5Q6zwfWdhdhTNrpQ==",
      "requires": {
        "@fortawesome/fontawesome-common-types": "0.2.2"
      }
    },
    "@fortawesome/react-fontawesome": {
      "version": "0.1.0-11",
      "resolved": "https://registry.npmjs.org/@fortawesome/react-fontawesome/-/react-fontawesome-0.1.0-11.tgz",
      "integrity": "sha512-tQFFo5dasdsYKztcEp4sVPlf13ABnBT1c3l302uMzUTVc6N3tDzGb8mf9MGWVcVtlTcz+HRix4sokVvFNCy0uw==",
      "requires": {
        "humps": "2.0.1",
        "prop-types": "15.6.2"
      }
    },
    "humps": {
      "version": "2.0.1",
      "resolved": "https://registry.npmjs.org/humps/-/humps-2.0.1.tgz",
      "integrity": "sha1-3QLqYIG9BWjcXQcxhEY5V7qe+ao="
    },
    "js-tokens": {
      "version": "4.0.0",
      "resolved": "https://registry.npmjs.org/js-tokens/-/js-tokens-4.0.0.tgz",
      "integrity": "sha512-RdJUflcE3cUzKiMqQgsCu06FPu9UdIJO0beYbPhHN4k6apgJtifcoCtT9bcxOpYBtpD2kCM6Sbzg4CausW/PKQ=="
    },
    "loose-envify": {
      "version": "1.4.0",
      "resolved": "https://registry.npmjs.org/loose-envify/-/loose-envify-1.4.0.tgz",
      "integrity": "sha512-lyuxPGr/Wfhrlem2CL/UcnUc1zcqKAImBDzukY7Y5F/yQiNdko6+fRLevlw1HgMySw7f611UIY408EtxRSoK3Q==",
      "requires": {
        "js-tokens": "4.0.0"
      }
    },
    "object-assign": {
      "version": "4.1.1",
      "resolved": "https://registry.npmjs.org/object-assign/-/object-assign-4.1.1.tgz",
      "integrity": "sha1-IQmtx5ZYh8/AXLvUQsrIv7s2CGM="
    },
    "prop-types": {
      "version": "15.6.2",
      "resolved": "https://registry.npmjs.org/prop-types/-/prop-types-15.6.2.tgz",
      "integrity": "sha512-3pboPvLiWD7dkI3qf3KbUe6hKFKa52w+AE0VCqECtf+QHAKgOL37tTaNCnuX1nAAQ4ZhyP+kYVKf8rLmJ/feDQ==",
      "requires": {
        "loose-envify": "1.4.0",
        "object-assign": "4.1.1"
      }
    }
  }
}
